
Microsoft Visual Studio Solution File, Format Version 12.00
# Visual Studio Version 17
VisualStudioVersion = 17.3.32901.215
MinimumVisualStudioVersion = 10.0.40219.1
Project("{FAE04EC0-301F-11D3-BF4B-00C04F79EFBC}") = "Palindromo", "Palindromo\Palindromo.csproj", "{3A9068AF-BEBA-40F9-94C3-CCECCDE24EA3}"
EndProject
Project("{FAE04EC0-301F-11D3-BF4B-00C04F79EFBC}") = "Palindromo.Tests", "TestPalindromo\Palindromo.Tests.csproj", "{92293C05-4832-4FB1-A171-EEC7DBCCFBF1}"
EndProject
Global
	GlobalSection(SolutionConfigurationPlatforms) = preSolution
		Debug|Any CPU = Debug|Any CPU
		Release|Any CPU = Release|Any CPU
	EndGlobalSection
	GlobalSection(ProjectConfigurationPlatforms) = postSolution
		{3A9068AF-BEBA-40F9-94C3-CCECCDE24EA3}.Debug|Any CPU.ActiveCfg = Debug|Any CPU
		{3A9068AF-BEBA-40F9-94C3-CCECCDE24EA3}.Debug|Any CPU.Build.0 = Debug|Any CPU
		{3A9068AF-BEBA-40F9-94C3-CCECCDE24EA3}.Release|Any CPU.ActiveCfg = Release|Any CPU
		{3A9068AF-BEBA-40F9-94C3-CCECCDE24EA3}.Release|Any CPU.Build.0 = Release|Any CPU
		{92293C05-4832-4FB1-A171-EEC7DBCCFBF1}.Debug|Any CPU.ActiveCfg = Debug|Any CPU
		{92293C05-4832-4FB1-A171-EEC7DBCCFBF1}.Debug|Any CPU.Build.0 = Debug|Any CPU
		{92293C05-4832-4FB1-A171-EEC7DBCCFBF1}.Release|Any CPU.ActiveCfg = Release|Any CPU
		{92293C05-4832-4FB1-A171-EEC7DBCCFBF1}.Release|Any CPU.Build.0 = Release|Any CPU
	EndGlobalSection
	GlobalSection(SolutionProperties) = preSolution
		HideSolutionNode = FALSE
	EndGlobalSection
	GlobalSection(ExtensibilityGlobals) = postSolution
		SolutionGuid = {CF5E53D3-DA51-47CD-B617-89D3A805A8EF}
	EndGlobalSection
EndGlobal
